Microsoft Visual Studio Solution File, Format Version 12.00
# Visual Studio 15
VisualStudioVersion = 15.0.27130.0
MinimumVisualStudioVersion = 10.0.40219.1
Project("{9A19103F-16F7-4668-BE54-9A1E7A4F7556}") = "PBnCLambda", "PBnCLambda\PBnCLambda.csproj", "{404657F8-9F69-442F-9BAE-C6FF6C9FF6DF}"
EndProject
Global
	GlobalSection(SolutionConfigurationPlatforms) = preSolution
		Debug|Any CPU = Debug|Any CPU
		Debug|x64 = Debug|x64
		Debug|x86 = Debug|x86
		Release|Any CPU = Release|Any CPU
		Release|x64 = Release|x64
		Release|x86 = Release|x86
	EndGlobalSection
	GlobalSection(ProjectConfigurationPlatforms) = postSolution
		{404657F8-9F69-442F-9BAE-C6FF6C9FF6DF}.Debug|Any CPU.ActiveCfg = Debug|Any CPU
		{404657F8-9F69-442F-9BAE-C6FF6C9FF6DF}.Debug|Any CPU.Build.0 = Debug|Any CPU
		{404657F8-9F69-442F-9BAE-C6FF6C9FF6DF}.Debug|x64.ActiveCfg = Debug|Any CPU
		{404657F8-9F69-442F-9BAE-C6FF6C9FF6DF}.Debug|x64.Build.0 = Debug|Any CPU
		{404657F8-9F69-442F-9BAE-C6FF6C9FF6DF}.Debug|x86.ActiveCfg = Debug|Any CPU
		{404657F8-9F69-442F-9BAE-C6FF6C9FF6DF}.Debug|x86.Build.0 = Debug|Any CPU
		{404657F8-9F69-442F-9BAE-C6FF6C9FF6DF}.Release|Any CPU.ActiveCfg = Release|Any CPU
		{404657F8-9F69-442F-9BAE-C6FF6C9FF6DF}.Release|Any CPU.Build.0 = Release|Any CPU
		{404657F8-9F69-442F-9BAE-C6FF6C9FF6DF}.Release|x64.ActiveCfg = Release|Any CPU
		{404657F8-9F69-442F-9BAE-C6FF6C9FF6DF}.Release|x64.Build.0 = Release|Any CPU
		{404657F8-9F69-442F-9BAE-C6FF6C9FF6DF}.Release|x86.ActiveCfg = Release|Any CPU
		{404657F8-9F69-442F-9BAE-C6FF6C9FF6DF}.Release|x86.Build.0 = Release|Any CPU
	EndGlobalSection
	GlobalSection(SolutionProperties) = preSolution
		HideSolutionNode = FALSE
	EndGlobalSection
	GlobalSection(ExtensibilityGlobals) = postSolution
		SolutionGuid = {86E6CDD4-DCD7-4BB9-8D5E-185351DED249}
	EndGlobalSection
EndGlobal
